
Microsoft Visual Studio Solution File, Format Version 12.00
# Visual Studio 15
VisualStudioVersion = 15.0.26124.0
MinimumVisualStudioVersion = 15.0.26124.0
Project("{FAE04EC0-301F-11D3-BF4B-00C04F79EFBC}") = "Domain", "Domain\Domain.csproj", "{E0276DBF-1B15-4C54-95DC-E1208D9AA6AD}"
EndProject
Project("{FAE04EC0-301F-11D3-BF4B-00C04F79EFBC}") = "Application", "Application\Application.csproj", "{BB4DFC1B-8FF2-4D69-9802-543F7989A662}"
EndProject
Project("{FAE04EC0-301F-11D3-BF4B-00C04F79EFBC}") = "Persistence", "Persistence\Persistence.csproj", "{D8BAEBD3-3DFE-4A84-9839-B5975721C690}"
EndProject
Project("{FAE04EC0-301F-11D3-BF4B-00C04F79EFBC}") = "API", "API\API.csproj", "{C9DA2BC0-56BA-4DDC-98FF-38235C3D7C65}"
EndProject
Global
	GlobalSection(SolutionConfigurationPlatforms) = preSolution
		Debug|Any CPU = Debug|Any CPU
		Debug|x64 = Debug|x64
		Debug|x86 = Debug|x86
		Release|Any CPU = Release|Any CPU
		Release|x64 = Release|x64
		Release|x86 = Release|x86
	EndGlobalSection
	GlobalSection(SolutionProperties) = preSolution
		HideSolutionNode = FALSE
	EndGlobalSection
	GlobalSection(ProjectConfigurationPlatforms) = postSolution
		{E0276DBF-1B15-4C54-95DC-E1208D9AA6AD}.Debug|Any CPU.ActiveCfg = Debug|Any CPU
		{E0276DBF-1B15-4C54-95DC-E1208D9AA6AD}.Debug|Any CPU.Build.0 = Debug|Any CPU
		{E0276DBF-1B15-4C54-95DC-E1208D9AA6AD}.Debug|x64.ActiveCfg = Debug|Any CPU
		{E0276DBF-1B15-4C54-95DC-E1208D9AA6AD}.Debug|x64.Build.0 = Debug|Any CPU
		{E0276DBF-1B15-4C54-95DC-E1208D9AA6AD}.Debug|x86.ActiveCfg = Debug|Any CPU
		{E0276DBF-1B15-4C54-95DC-E1208D9AA6AD}.Debug|x86.Build.0 = Debug|Any CPU
		{E0276DBF-1B15-4C54-95DC-E1208D9AA6AD}.Release|Any CPU.ActiveCfg = Release|Any CPU
		{E0276DBF-1B15-4C54-95DC-E1208D9AA6AD}.Release|Any CPU.Build.0 = Release|Any CPU
		{E0276DBF-1B15-4C54-95DC-E1208D9AA6AD}.Release|x64.ActiveCfg = Release|Any CPU
		{E0276DBF-1B15-4C54-95DC-E1208D9AA6AD}.Release|x64.Build.0 = Release|Any CPU
		{E0276DBF-1B15-4C54-95DC-E1208D9AA6AD}.Release|x86.ActiveCfg = Release|Any CPU
		{E0276DBF-1B15-4C54-95DC-E1208D9AA6AD}.Release|x86.Build.0 = Release|Any CPU
		{BB4DFC1B-8FF2-4D69-9802-543F7989A662}.Debug|Any CPU.ActiveCfg = Debug|Any CPU
		{BB4DFC1B-8FF2-4D69-9802-543F7989A662}.Debug|Any CPU.Build.0 = Debug|Any CPU
		{BB4DFC1B-8FF2-4D69-9802-543F7989A662}.Debug|x64.ActiveCfg = Debug|Any CPU
		{BB4DFC1B-8FF2-4D69-9802-543F7989A662}.Debug|x64.Build.0 = Debug|Any CPU
		{BB4DFC1B-8FF2-4D69-9802-543F7989A662}.Debug|x86.ActiveCfg = Debug|Any CPU
		{BB4DFC1B-8FF2-4D69-9802-543F7989A662}.Debug|x86.Build.0 = Debug|Any CPU
		{BB4DFC1B-8FF2-4D69-9802-543F7989A662}.Release|Any CPU.ActiveCfg = Release|Any CPU
		{BB4DFC1B-8FF2-4D69-9802-543F7989A662}.Release|Any CPU.Build.0 = Release|Any CPU
		{BB4DFC1B-8FF2-4D69-9802-543F7989A662}.Release|x64.ActiveCfg = Release|Any CPU
		{BB4DFC1B-8FF2-4D69-9802-543F7989A662}.Release|x64.Build.0 = Release|Any CPU
		{BB4DFC1B-8FF2-4D69-9802-543F7989A662}.Release|x86.ActiveCfg = Release|Any CPU
		{BB4DFC1B-8FF2-4D69-9802-543F7989A662}.Release|x86.Build.0 = Release|Any CPU
		{D8BAEBD3-3DFE-4A84-9839-B5975721C690}.Debug|Any CPU.ActiveCfg = Debug|Any CPU
		{D8BAEBD3-3DFE-4A84-9839-B5975721C690}.Debug|Any CPU.Build.0 = Debug|Any CPU
		{D8BAEBD3-3DFE-4A84-9839-B5975721C690}.Debug|x64.ActiveCfg = Debug|Any CPU
		{D8BAEBD3-3DFE-4A84-9839-B5975721C690}.Debug|x64.Build.0 = Debug|Any CPU
		{D8BAEBD3-3DFE-4A84-9839-B5975721C690}.Debug|x86.ActiveCfg = Debug|Any CPU
		{D8BAEBD3-3DFE-4A84-9839-B5975721C690}.Debug|x86.Build.0 = Debug|Any CPU
		{D8BAEBD3-3DFE-4A84-9839-B5975721C690}.Release|Any CPU.ActiveCfg = Release|Any CPU
		{D8BAEBD3-3DFE-4A84-9839-B5975721C690}.Release|Any CPU.Build.0 = Release|Any CPU
		{D8BAEBD3-3DFE-4A84-9839-B5975721C690}.Release|x64.ActiveCfg = Release|Any CPU
		{D8BAEBD3-3DFE-4A84-9839-B5975721C690}.Release|x64.Build.0 = Release|Any CPU
		{D8BAEBD3-3DFE-4A84-9839-B5975721C690}.Release|x86.ActiveCfg = Release|Any CPU
		{D8BAEBD3-3DFE-4A84-9839-B5975721C690}.Release|x86.Build.0 = Release|Any CPU
		{C9DA2BC0-56BA-4DDC-98FF-38235C3D7C65}.Debug|Any CPU.ActiveCfg = Debug|Any CPU
		{C9DA2BC0-56BA-4DDC-98FF-38235C3D7C65}.Debug|Any CPU.Build.0 = Debug|Any CPU
		{C9DA2BC0-56BA-4DDC-98FF-38235C3D7C65}.Debug|x64.ActiveCfg = Debug|Any CPU
		{C9DA2BC0-56BA-4DDC-98FF-38235C3D7C65}.Debug|x64.Build.0 = Debug|Any CPU
		{C9DA2BC0-56BA-4DDC-98FF-38235C3D7C65}.Debug|x86.ActiveCfg = Debug|Any CPU
		{C9DA2BC0-56BA-4DDC-98FF-38235C3D7C65}.Debug|x86.Build.0 = Debug|Any CPU
		{C9DA2BC0-56BA-4DDC-98FF-38235C3D7C65}.Release|Any CPU.ActiveCfg = Release|Any CPU
		{C9DA2BC0-56BA-4DDC-98FF-38235C3D7C65}.Release|Any CPU.Build.0 = Release|Any CPU
		{C9DA2BC0-56BA-4DDC-98FF-38235C3D7C65}.Release|x64.ActiveCfg = Release|Any CPU
		{C9DA2BC0-56BA-4DDC-98FF-38235C3D7C65}.Release|x64.Build.0 = Release|Any CPU
		{C9DA2BC0-56BA-4DDC-98FF-38235C3D7C65}.Release|x86.ActiveCfg = Release|Any CPU
		{C9DA2BC0-56BA-4DDC-98FF-38235C3D7C65}.Release|x86.Build.0 = Release|Any CPU
	EndGlobalSection
EndGlobal
